
Microsoft Visual Studio Solution File, Format Version 12.00
# Visual Studio Version 16
VisualStudioVersion = 16.0.31229.75
MinimumVisualStudioVersion = 10.0.40219.1
Project("{FAE04EC0-301F-11D3-BF4B-00C04F79EFBC}") = "AnyoneDeveloper.ClickHouse.ConnectionPool", "AnyoneDeveloper.ClickHouse.ConnectionPool\AnyoneDeveloper.ClickHouse.ConnectionPool.csproj", "{D33E167A-1C2E-4F66-BC2E-99D6791D683F}"
EndProject
Project("{FAE04EC0-301F-11D3-BF4B-00C04F79EFBC}") = "AnyoneDeveloper.ClickHouse.ConnectionPool.Demo", "AnyoneDeveloper.ClickHouse.ConnectionPool.Demo\AnyoneDeveloper.ClickHouse.ConnectionPool.Demo.csproj", "{99A50F3C-48F1-4886-9D85-ED93CF4104BE}"
EndProject
Global
	GlobalSection(SolutionConfigurationPlatforms) = preSolution
		Debug|Any CPU = Debug|Any CPU
		Release|Any CPU = Release|Any CPU
	EndGlobalSection
	GlobalSection(ProjectConfigurationPlatforms) = postSolution
		{D33E167A-1C2E-4F66-BC2E-99D6791D683F}.Debug|Any CPU.ActiveCfg = Debug|Any CPU
		{D33E167A-1C2E-4F66-BC2E-99D6791D683F}.Debug|Any CPU.Build.0 = Debug|Any CPU
		{D33E167A-1C2E-4F66-BC2E-99D6791D683F}.Release|Any CPU.ActiveCfg = Release|Any CPU
		{D33E167A-1C2E-4F66-BC2E-99D6791D683F}.Release|Any CPU.Build.0 = Release|Any CPU
		{99A50F3C-48F1-4886-9D85-ED93CF4104BE}.Debug|Any CPU.ActiveCfg = Debug|Any CPU
		{99A50F3C-48F1-4886-9D85-ED93CF4104BE}.Debug|Any CPU.Build.0 = Debug|Any CPU
		{99A50F3C-48F1-4886-9D85-ED93CF4104BE}.Release|Any CPU.ActiveCfg = Release|Any CPU
		{99A50F3C-48F1-4886-9D85-ED93CF4104BE}.Release|Any CPU.Build.0 = Release|Any CPU
	EndGlobalSection
	GlobalSection(SolutionProperties) = preSolution
		HideSolutionNode = FALSE
	EndGlobalSection
	GlobalSection(ExtensibilityGlobals) = postSolution
		SolutionGuid = {2677C63B-9C81-4842-80BA-EFB94FB35387}
	EndGlobalSection
EndGlobal
